{
  "name": "ZmqRouterDealer",
  "version": "0.0.0",
  "lockfileVersion": 1,
  "requires": true,
  "dependencies": {
    "nan": {
      "version": "2.17.0",
      "resolved": "https://registry.npmjs.org/nan/-/nan-2.17.0.tgz",
      "integrity": "sha512-2ZTgtl0nJsO0KQCjEpxcIr5D+Yv90plTitZt9JBfQvVJDS5seMl3FOvsh3+9CoYWXf/1l5OaZzzF6nDm4cagaQ=="
    },
    "node-gyp-build": {
      "version": "4.6.0",
      "resolved": "https://registry.npmjs.org/node-gyp-build/-/node-gyp-build-4.6.0.tgz",
      "integrity": "sha512-NTZVKn9IylLwUzaKjkas1e4u2DLNcV4rdYagA4PWdPwW87Bi7z+BznyKSRwS/761tV/lzCGXplWsiaMjLqP2zQ=="
    },
    "zeromq": {
      "version": "5.3.1",
      "resolved": "https://registry.npmjs.org/zeromq/-/zeromq-5.3.1.tgz",
      "integrity": "sha512-4WDF9bNWWXe8OAI319bVw5dmG4BklEk8wzFGwRQxEzKb+0mgDU5J/jtyZPo0BEusVIU1+3mRQIEdT5LtQn+aAw==",
      "requires": {
        "nan": "2.17.0",
        "node-gyp-build": "^4.5.0"
      }
    }
  }
}
