{
  "name": "fiddle-0021-DirectoryWatcher",
  "version": "0.0.0",
  "lockfileVersion": 1,
  "dependencies": {
    "cluster": {
      "version": "0.7.7",
      "resolved": "https://registry.npmjs.org/cluster/-/cluster-0.7.7.tgz",
      "integrity": "sha1-5JfiZ8yVa9CwUTrbSqOTNX0Ahe8=",
      "dependencies": {
        "log": {
          "version": "1.4.0",
          "resolved": "https://registry.npmjs.org/log/-/log-1.4.0.tgz",
          "integrity": "sha1-S6HYkP3iSbAx3KA7w36q8yVlbxw="
        },
        "mkdirp": {
          "version": "0.5.1",
          "resolved": "https://registry.npmjs.org/mkdirp/-/mkdirp-0.5.1.tgz",
          "integrity": "sha1-MAV0OOrGz3+MR2fzhkjWaX11yQM=",
          "dependencies": {
            "minimist": {
              "version": "0.0.8",
              "resolved": "https://registry.npmjs.org/minimist/-/minimist-0.0.8.tgz",
              "integrity": "sha1-hX/Kv8M5fSYluCKCYuhqp6ARsF0="
            }
          }
        }
      }
    },
    "create-file": {
      "version": "1.0.1",
      "resolved": "https://registry.npmjs.org/create-file/-/create-file-1.0.1.tgz",
      "integrity": "sha1-jkSe68PGHfLNYBt/oKQh4piPuj4=",
      "dependencies": {
        "is-existing-file": {
          "version": "1.0.0",
          "resolved": "https://registry.npmjs.org/is-existing-file/-/is-existing-file-1.0.0.tgz",
          "integrity": "sha1-1ax9aNEkVl+YJMfWML3hU9BUPtQ="
        },
        "safe-write-file": {
          "version": "1.1.2",
          "resolved": "https://registry.npmjs.org/safe-write-file/-/safe-write-file-1.1.2.tgz",
          "integrity": "sha1-kFaYLC/yWZGTN8pw4PTe75FTKNo=",
          "dependencies": {
            "mkdirp": {
              "version": "0.5.1",
              "resolved": "https://registry.npmjs.org/mkdirp/-/mkdirp-0.5.1.tgz",
              "integrity": "sha1-MAV0OOrGz3+MR2fzhkjWaX11yQM=",
              "dependencies": {
                "minimist": {
                  "version": "0.0.8",
                  "resolved": "https://registry.npmjs.org/minimist/-/minimist-0.0.8.tgz",
                  "integrity": "sha1-hX/Kv8M5fSYluCKCYuhqp6ARsF0="
                }
              }
            }
          }
        }
      }
    },
    "file-move": {
      "version": "0.0.3",
      "resolved": "https://registry.npmjs.org/file-move/-/file-move-0.0.3.tgz",
      "integrity": "sha1-VQhvgQuXuosyZW4RG9HhEDwyTTQ="
    },
    "jfile": {
      "version": "1.1.12",
      "resolved": "https://registry.npmjs.org/jfile/-/jfile-1.1.12.tgz",
      "integrity": "sha1-lQlqi1W76KdF7yP6V3DIF9EmhK4="
    },
    "moment": {
      "version": "2.18.1",
      "resolved": "https://registry.npmjs.org/moment/-/moment-2.18.1.tgz",
      "integrity": "sha1-w2GT3Tzhwu7SrbfIAtu8d6gbHA8="
    },
    "npmlog": {
      "version": "4.0.2",
      "resolved": "https://registry.npmjs.org/npmlog/-/npmlog-4.0.2.tgz",
      "integrity": "sha1-0DlQ4OeM4VJ7om0qdZLpNIrD518=",
      "dependencies": {
        "are-we-there-yet": {
          "version": "1.1.2",
          "resolved": "https://registry.npmjs.org/are-we-there-yet/-/are-we-there-yet-1.1.2.tgz",
          "integrity": "sha1-gORw6VoIR5T+GJkmLFZnxuiN4bM=",
          "dependencies": {
            "delegates": {
              "version": "1.0.0",
              "resolved": "https://registry.npmjs.org/delegates/-/delegates-1.0.0.tgz",
              "integrity": "sha1-hMbhWbgZBP3KWaDvRM2HDTElD5o="
            },
            "readable-stream": {
              "version": "2.2.8",
              "resolved": "https://registry.npmjs.org/readable-stream/-/readable-stream-2.2.8.tgz",
              "integrity": "sha1-rSi2hvNVTHPTm8MjR/oFg1ZiRwU=",
              "dependencies": {
                "buffer-shims": {
                  "version": "1.0.0",
                  "resolved": "https://registry.npmjs.org/buffer-shims/-/buffer-shims-1.0.0.tgz",
                  "integrity": "sha1-mXjOMXOIxkmth5MCjDR37wRKi1E="
                },
                "core-util-is": {
                  "version": "1.0.2",
                  "resolved": "https://registry.npmjs.org/core-util-is/-/core-util-is-1.0.2.tgz",
                  "integrity": "sha1-tf1UIgqivFq1eqtxQMlAdUUDwac="
                },
                "inherits": {
                  "version": "2.0.3",
                  "resolved": "https://registry.npmjs.org/inherits/-/inherits-2.0.3.tgz",
                  "integrity": "sha1-Yzwsg+PaQqUC9SRmAiSA9CCCYd4="
                },
                "isarray": {
                  "version": "1.0.0",
                  "resolved": "https://registry.npmjs.org/isarray/-/isarray-1.0.0.tgz",
                  "integrity": "sha1-u5NdSFgsuhaMBoNJV6VKPgcSTxE="
                },
                "process-nextick-args": {
                  "version": "1.0.7",
                  "resolved": "https://registry.npmjs.org/process-nextick-args/-/process-nextick-args-1.0.7.tgz",
                  "integrity": "sha1-FQ4gt1ZZCtP5EJPyWk8q2L/zC6M="
                },
                "string_decoder": {
                  "version": "1.0.0",
                  "resolved": "https://registry.npmjs.org/string_decoder/-/string_decoder-1.0.0.tgz",
                  "integrity": "sha1-8G9BFXtmTYYGn4S9vcmw2KsoFmc="
                },
                "util-deprecate": {
                  "version": "1.0.2",
                  "resolved": "https://registry.npmjs.org/util-deprecate/-/util-deprecate-1.0.2.tgz",
                  "integrity": "sha1-RQ1Nyfpw3nMnYvvS1KKJgUGaDM8="
                }
              }
            }
          }
        },
        "console-control-strings": {
          "version": "1.1.0",
          "resolved": "https://registry.npmjs.org/console-control-strings/-/console-control-strings-1.1.0.tgz",
          "integrity": "sha1-PXz0Rk22RG6mRL9LOVB/mFEAjo4="
        },
        "gauge": {
          "version": "2.7.3",
          "resolved": "https://registry.npmjs.org/gauge/-/gauge-2.7.3.tgz",
          "integrity": "sha1-HCOFX5YvF7OtPQ3HRD8wRULt/gk=",
          "dependencies": {
            "aproba": {
              "version": "1.1.1",
              "resolved": "https://registry.npmjs.org/aproba/-/aproba-1.1.1.tgz",
              "integrity": "sha1-ldNgDwdxCqDpKYxyatXs8urLq6s="
            },
            "has-unicode": {
              "version": "2.0.1",
              "resolved": "https://registry.npmjs.org/has-unicode/-/has-unicode-2.0.1.tgz",
              "integrity": "sha1-4Ob+aijPUROIVeCG0Wkedx3iqLk="
            },
            "object-assign": {
              "version": "4.1.1",
              "resolved": "https://registry.npmjs.org/object-assign/-/object-assign-4.1.1.tgz",
              "integrity": "sha1-IQmtx5ZYh8/AXLvUQsrIv7s2CGM="
            },
            "signal-exit": {
              "version": "3.0.2",
              "resolved": "https://registry.npmjs.org/signal-exit/-/signal-exit-3.0.2.tgz",
              "integrity": "sha1-tf3AjxKH6hF4Yo5BXiUTK3NkbG0="
            },
            "string-width": {
              "version": "1.0.2",
              "resolved": "https://registry.npmjs.org/string-width/-/string-width-1.0.2.tgz",
              "integrity": "sha1-EYvfW4zcUaKn5w0hHgfisLmxB9M=",
              "dependencies": {
                "code-point-at": {
                  "version": "1.1.0",
                  "resolved": "https://registry.npmjs.org/code-point-at/-/code-point-at-1.1.0.tgz",
                  "integrity": "sha1-DQcLTQQ6W+ozovGkDi7bPZpMz3c="
                },
                "is-fullwidth-code-point": {
                  "version": "1.0.0",
                  "resolved": "https://registry.npmjs.org/is-fullwidth-code-point/-/is-fullwidth-code-point-1.0.0.tgz",
                  "integrity": "sha1-754xOG8DGn8NZDr4L95QxFfvAMs=",
                  "dependencies": {
                    "number-is-nan": {
                      "version": "1.0.1",
                      "resolved": "https://registry.npmjs.org/number-is-nan/-/number-is-nan-1.0.1.tgz",
                      "integrity": "sha1-CXtgK1NCKlIsGvuHkDGDNpQaAR0="
                    }
                  }
                }
              }
            },
            "strip-ansi": {
              "version": "3.0.1",
              "resolved": "https://registry.npmjs.org/strip-ansi/-/strip-ansi-3.0.1.tgz",
              "integrity": "sha1-ajhfuIU9lS1f8F0Oiq+UJ43GPc8=",
              "dependencies": {
                "ansi-regex": {
                  "version": "2.1.1",
                  "resolved": "https://registry.npmjs.org/ansi-regex/-/ansi-regex-2.1.1.tgz",
                  "integrity": "sha1-w7M6te42DYbg5ijwRorn7yfWVN8="
                }
              }
            },
            "wide-align": {
              "version": "1.1.0",
              "resolved": "https://registry.npmjs.org/wide-align/-/wide-align-1.1.0.tgz",
              "integrity": "sha1-QO3egCpx/qHwcNo+YtzaLnrdlq0="
            }
          }
        },
        "set-blocking": {
          "version": "2.0.0",
          "resolved": "https://registry.npmjs.org/set-blocking/-/set-blocking-2.0.0.tgz",
          "integrity": "sha1-BF+XgtARrppoA93TgrJDkrPYkPc="
        }
      }
    },
    "verify-path": {
      "version": "1.0.3",
      "resolved": "https://registry.npmjs.org/verify-path/-/verify-path-1.0.3.tgz",
      "integrity": "sha1-k3FmCgB31ASySLsedAphsFMDoYw="
    },
    "watchdirectory": {
      "version": "0.1.5",
      "resolved": "https://registry.npmjs.org/watchdirectory/-/watchdirectory-0.1.5.tgz",
      "integrity": "sha1-YRyt83dQpn/jwJD7mWik/ybneYU="
    }
  }
}
