{
  "requires": true,
  "lockfileVersion": 1,
  "dependencies": {
    "angular-in-memory-web-api": {
      "version": "0.6.0",
      "resolved": "https://registry.npmjs.org/angular-in-memory-web-api/-/angular-in-memory-web-api-0.6.0.tgz",
      "integrity": "sha512-+i2bH9T/S4gTQdJLt264H4JMKXNpik33pMatSOvPSqFQ0vImnTBVbvijfmy75OgwKPJ8OZw0R76CrLjp2EYX2A=="
    }
  }
}
